// !$*UTF8*$!
{
	archiveVersion = 1;
	classes = {
	};
	objectVersion = 55;
	objects = {

/* Begin PBXBuildFile section */
		DECE9B7B28D860C600C17A7E /* AppDelegate.swift in Sources */ = {isa = PBXBuildFile; fileRef = DECE9B7A28D860C600C17A7E /* AppDelegate.swift */; };
		DECE9B7D28D860C600C17A7E /* SceneDelegate.swift in Sources */ = {isa = PBXBuildFile; fileRef = DECE9B7C28D860C600C17A7E /* SceneDelegate.swift */; };
		DECE9B7F28D860C600C17A7E /* ViewController.swift in Sources */ = {isa = PBXBuildFile; fileRef = DECE9B7E28D860C600C17A7E /* ViewController.swift */; };
		DECE9B8228D860C600C17A7E /* Main.storyboard in Resources */ = {isa = PBXBuildFile; fileRef = DECE9B8028D860C600C17A7E /* Main.storyboard */; };
		DECE9B8428D860C700C17A7E /* Assets.xcassets in Resources */ = {isa = PBXBuildFile; fileRef = DECE9B8328D860C700C17A7E /* Assets.xcassets */; };
		DECE9B8728D860C700C17A7E /* LaunchScreen.storyboard in Resources */ = {isa = PBXBuildFile; fileRef = DECE9B8528D860C700C17A7E /* LaunchScreen.storyboard */; };
		DECE9B9028D8611E00C17A7E /* ZKCoverController.swift in Sources */ = {isa = PBXBuildFile; fileRef = DECE9B8F28D8611E00C17A7E /* ZKCoverController.swift */; };
		DED10A6528D95BC100E1B0EA /* TestVC.swift in Sources */ = {isa = PBXBuildFile; fileRef = DED10A6428D95BC100E1B0EA /* TestVC.swift */; };
/* End PBXBuildFile section */

/* Begin PBXFileReference section */
		DECE9B7728D860C600C17A7E /* ZKCoverController.app */ = {isa = PBXFileReference; explicitFileType = wrapper.application; includeInIndex = 0; path = ZKCoverController.app; sourceTree = BUILT_PRODUCTS_DIR; };
		DECE9B7A28D860C600C17A7E /* AppDelegate.swift */ = {isa = PBXFileReference; lastKnownFileType = sourcecode.swift; path = AppDelegate.swift; sourceTree = "<group>"; };
		DECE9B7C28D860C600C17A7E /* SceneDelegate.swift */ = {isa = PBXFileReference; lastKnownFileType = sourcecode.swift; path = SceneDelegate.swift; sourceTree = "<group>"; };
		DECE9B7E28D860C600C17A7E /* ViewController.swift */ = {isa = PBXFileReference; lastKnownFileType = sourcecode.swift; path = ViewController.swift; sourceTree = "<group>"; };
		DECE9B8128D860C600C17A7E /* Base */ = {isa = PBXFileReference; lastKnownFileType = file.storyboard; name = Base; path = Base.lproj/Main.storyboard; sourceTree = "<group>"; };
		DECE9B8328D860C700C17A7E /* Assets.xcassets */ = {isa = PBXFileReference; lastKnownFileType = folder.assetcatalog; path = Assets.xcassets; sourceTree = "<group>"; };
		DECE9B8628D860C700C17A7E /* Base */ = {isa = PBXFileReference; lastKnownFileType = file.storyboard; name = Base; path = Base.lproj/LaunchScreen.storyboard; sourceTree = "<group>"; };
		DECE9B8828D860C700C17A7E /* Info.plist */ = {isa = PBXFileReference; lastKnownFileType = text.plist.xml; path = Info.plist; sourceTree = "<group>"; };
		DECE9B8F28D8611E00C17A7E /* ZKCoverController.swift */ = {isa = PBXFileReference; fileEncoding = 4; lastKnownFileType = sourcecode.swift; path = ZKCoverController.swift; sourceTree = "<group>"; };
		DED10A6428D95BC100E1B0EA /* TestVC.swift */ = {isa = PBXFileReference; lastKnownFileType = sourcecode.swift; path = TestVC.swift; sourceTree = "<group>"; };
/* End PBXFileReference section */

/* Begin PBXFrameworksBuildPhase section */
		DECE9B7428D860C600C17A7E /* Frameworks */ = {
			isa = PBXFrameworksBuildPhase;
			buildActionMask = 2147483647;
			files = (
			);
			runOnlyForDeploymentPostprocessing = 0;
		};
/* End PBXFrameworksBuildPhase section */

/* Begin PBXGroup section */
		DECE9B6E28D860C600C17A7E = {
			isa = PBXGroup;
			children = (
				DECE9B7928D860C600C17A7E /* ZKCoverController */,
				DECE9B7828D860C600C17A7E /* Products */,
			);
			sourceTree = "<group>";
		};
		DECE9B7828D860C600C17A7E /* Products */ = {
			isa = PBXGroup;
			children = (
				DECE9B7728D860C600C17A7E /* ZKCoverController.app */,
			);
			name = Products;
			sourceTree = "<group>";
		};
		DECE9B7928D860C600C17A7E /* ZKCoverController */ = {
			isa = PBXGroup;
			children = (
				DECE9B8E28D860E800C17A7E /* ZKCoverController */,
				DECE9B7A28D860C600C17A7E /* AppDelegate.swift */,
				DECE9B7C28D860C600C17A7E /* SceneDelegate.swift */,
				DECE9B7E28D860C600C17A7E /* ViewController.swift */,
				DED10A6428D95BC100E1B0EA /* TestVC.swift */,
				DECE9B8028D860C600C17A7E /* Main.storyboard */,
				DECE9B8328D860C700C17A7E /* Assets.xcassets */,
				DECE9B8528D860C700C17A7E /* LaunchScreen.storyboard */,
				DECE9B8828D860C700C17A7E /* Info.plist */,
			);
			path = ZKCoverController;
			sourceTree = "<group>";
		};
		DECE9B8E28D860E800C17A7E /* ZKCoverController */ = {
			isa = PBXGroup;
			children = (
				DECE9B8F28D8611E00C17A7E /* ZKCoverController.swift */,
			);
			path = ZKCoverController;
			sourceTree = "<group>";
		};
/* End PBXGroup section */

/* Begin PBXNativeTarget section */
		DECE9B7628D860C600C17A7E /* ZKCoverController */ = {
			isa = PBXNativeTarget;
			buildConfigurationList = DECE9B8B28D860C700C17A7E /* Build configuration list for PBXNativeTarget "ZKCoverController" */;
			buildPhases = (
				DECE9B7328D860C600C17A7E /* Sources */,
				DECE9B7428D860C600C17A7E /* Frameworks */,
				DECE9B7528D860C600C17A7E /* Resources */,
			);
			buildRules = (
			);
			dependencies = (
			);
			name = ZKCoverController;
			productName = ZKCoverController;
			productReference = DECE9B7728D860C600C17A7E /* ZKCoverController.app */;
			productType = "com.apple.product-type.application";
		};
/* End PBXNativeTarget section */

/* Begin PBXProject section */
		DECE9B6F28D860C600C17A7E /* Project object */ = {
			isa = PBXProject;
			attributes = {
				BuildIndependentTargetsInParallel = 1;
				LastSwiftUpdateCheck = 1340;
				LastUpgradeCheck = 1340;
				TargetAttributes = {
					DECE9B7628D860C600C17A7E = {
						CreatedOnToolsVersion = 13.4.1;
					};
				};
			};
			buildConfigurationList = DECE9B7228D860C600C17A7E /* Build configuration list for PBXProject "ZKCoverController" */;
			compatibilityVersion = "Xcode 13.0";
			developmentRegion = en;
			hasScannedForEncodings = 0;
			knownRegions = (
				en,
				Base,
			);
			mainGroup = DECE9B6E28D860C600C17A7E;
			productRefGroup = DECE9B7828D860C600C17A7E /* Products */;
			projectDirPath = "";
			projectRoot = "";
			targets = (
				DECE9B7628D860C600C17A7E /* ZKCoverController */,
			);
		};
/* End PBXProject section */

/* Begin PBXResourcesBuildPhase section */
		DECE9B7528D860C600C17A7E /* Resources */ = {
			isa = PBXResourcesBuildPhase;
			buildActionMask = 2147483647;
			files = (
				DECE9B8728D860C700C17A7E /* LaunchScreen.storyboard in Resources */,
				DECE9B8428D860C700C17A7E /* Assets.xcassets in Resources */,
				DECE9B8228D860C600C17A7E /* Main.storyboard in Resources */,
			);
			runOnlyForDeploymentPostprocessing = 0;
		};
/* End PBXResourcesBuildPhase section */

/* Begin PBXSourcesBuildPhase section */
		DECE9B7328D860C600C17A7E /* Sources */ = {
			isa = PBXSourcesBuildPhase;
			buildActionMask = 2147483647;
			files = (
				DED10A6528D95BC100E1B0EA /* TestVC.swift in Sources */,
				DECE9B7F28D860C600C17A7E /* ViewController.swift in Sources */,
				DECE9B7B28D860C600C17A7E /* AppDelegate.swift in Sources */,
				DECE9B9028D8611E00C17A7E /* ZKCoverController.swift in Sources */,
				DECE9B7D28D860C600C17A7E /* SceneDelegate.swift in Sources */,
			);
			runOnlyForDeploymentPostprocessing = 0;
		};
/* End PBXSourcesBuildPhase section */

/* Begin PBXVariantGroup section */
		DECE9B8028D860C600C17A7E /* Main.storyboard */ = {
			isa = PBXVariantGroup;
			children = (
				DECE9B8128D860C600C17A7E /* Base */,
			);
			name = Main.storyboard;
			sourceTree = "<group>";
		};
		DECE9B8528D860C700C17A7E /* LaunchScreen.storyboard */ = {
			isa = PBXVariantGroup;
			children = (
				DECE9B8628D860C700C17A7E /* Base */,
			);
			name = LaunchScreen.storyboard;
			sourceTree = "<group>";
		};
/* End PBXVariantGroup section */

/* Begin XCBuildConfiguration section */
		DECE9B8928D860C700C17A7E /* Debug */ = {
			isa = XCBuildConfiguration;
			buildSettings = {
				ALWAYS_SEARCH_USER_PATHS = NO;
				CLANG_ANALYZER_NONNULL = YES;
				CLANG_ANALYZER_NUMBER_OBJECT_CONVERSION = YES_AGGRESSIVE;
				CLANG_CXX_LANGUAGE_STANDARD = "gnu++17";
				CLANG_ENABLE_MODULES = YES;
				CLANG_ENABLE_OBJC_ARC = YES;
				CLANG_ENABLE_OBJC_WEAK = YES;
				CLANG_WARN_BLOCK_CAPTURE_AUTORELEASING = YES;
				CLANG_WARN_BOOL_CONVERSION = YES;
				CLANG_WARN_COMMA = YES;
				CLANG_WARN_CONSTANT_CONVERSION = YES;
				CLANG_WARN_DEPRECATED_OBJC_IMPLEMENTATIONS = YES;
				CLANG_WARN_DIRECT_OBJC_ISA_USAGE = YES_ERROR;
				CLANG_WARN_DOCUMENTATION_COMMENTS = YES;
				CLANG_WARN_EMPTY_BODY = YES;
				CLANG_WARN_ENUM_CONVERSION = YES;
				CLANG_WARN_INFINITE_RECURSION = YES;
				CLANG_WARN_INT_CONVERSION = YES;
				CLANG_WARN_NON_LITERAL_NULL_CONVERSION = YES;
				CLANG_WARN_OBJC_IMPLICIT_RETAIN_SELF = YES;
				CLANG_WARN_OBJC_LITERAL_CONVERSION = YES;
				CLANG_WARN_OBJC_ROOT_CLASS = YES_ERROR;
				CLANG_WARN_QUOTED_INCLUDE_IN_FRAMEWORK_HEADER = YES;
				CLANG_WARN_RANGE_LOOP_ANALYSIS = YES;
				CLANG_WARN_STRICT_PROTOTYPES = YES;
				CLANG_WARN_SUSPICIOUS_MOVE = YES;
				CLANG_WARN_UNGUARDED_AVAILABILITY = YES_AGGRESSIVE;
				CLANG_WARN_UNREACHABLE_CODE = YES;
				CLANG_WARN__DUPLICATE_METHOD_MATCH = YES;
				COPY_PHASE_STRIP = NO;
				DEBUG_INFORMATION_FORMAT = dwarf;
				ENABLE_STRICT_OBJC_MSGSEND = YES;
				ENABLE_TESTABILITY = YES;
				GCC_C_LANGUAGE_STANDARD = gnu11;
				GCC_DYNAMIC_NO_PIC = NO;
				GCC_NO_COMMON_BLOCKS = YES;
				GCC_OPTIMIZATION_LEVEL = 0;
				GCC_PREPROCESSOR_DEFINITIONS = (
					"DEBUG=1",
					"$(inherited)",
				);
				GCC_WARN_64_TO_32_BIT_CONVERSION = YES;
				GCC_WARN_ABOUT_RETURN_TYPE = YES_ERROR;
				GCC_WARN_UNDECLARED_SELECTOR = YES;
				GCC_WARN_UNINITIALIZED_AUTOS = YES_AGGRESSIVE;
				GCC_WARN_UNUSED_FUNCTION = YES;
				GCC_WARN_UNUSED_VARIABLE = YES;
				IPHONEOS_DEPLOYMENT_TARGET = 15.5;
				MTL_ENABLE_DEBUG_INFO = INCLUDE_SOURCE;
				MTL_FAST_MATH = YES;
				ONLY_ACTIVE_ARCH = YES;
				SDKROOT = iphoneos;
				SWIFT_ACTIVE_COMPILATION_CONDITIONS = DEBUG;
				SWIFT_OPTIMIZATION_LEVEL = "-Onone";
			};
			name = Debug;
		};
		DECE9B8A28D860C700C17A7E /* Release */ = {
			isa = XCBuildConfiguration;
			buildSettings = {
				ALWAYS_SEARCH_USER_PATHS = NO;
				CLANG_ANALYZER_NONNULL = YES;
				CLANG_ANALYZER_NUMBER_OBJECT_CONVERSION = YES_AGGRESSIVE;
				CLANG_CXX_LANGUAGE_STANDARD = "gnu++17";
				CLANG_ENABLE_MODULES = YES;
				CLANG_ENABLE_OBJC_ARC = YES;
				CLANG_ENABLE_OBJC_WEAK = YES;
				CLANG_WARN_BLOCK_CAPTURE_AUTORELEASING = YES;
				CLANG_WARN_BOOL_CONVERSION = YES;
				CLANG_WARN_COMMA = YES;
				CLANG_WARN_CONSTANT_CONVERSION = YES;
				CLANG_WARN_DEPRECATED_OBJC_IMPLEMENTATIONS = YES;
				CLANG_WARN_DIRECT_OBJC_ISA_USAGE = YES_ERROR;
				CLANG_WARN_DOCUMENTATION_COMMENTS = YES;
				CLANG_WARN_EMPTY_BODY = YES;
				CLANG_WARN_ENUM_CONVERSION = YES;
				CLANG_WARN_INFINITE_RECURSION = YES;
				CLANG_WARN_INT_CONVERSION = YES;
				CLANG_WARN_NON_LITERAL_NULL_CONVERSION = YES;
				CLANG_WARN_OBJC_IMPLICIT_RETAIN_SELF = YES;
				CLANG_WARN_OBJC_LITERAL_CONVERSION = YES;
				CLANG_WARN_OBJC_ROOT_CLASS = YES_ERROR;
				CLANG_WARN_QUOTED_INCLUDE_IN_FRAMEWORK_HEADER = YES;
				CLANG_WARN_RANGE_LOOP_ANALYSIS = YES;
				CLANG_WARN_STRICT_PROTOTYPES = YES;
				CLANG_WARN_SUSPICIOUS_MOVE = YES;
				CLANG_WARN_UNGUARDED_AVAILABILITY = YES_AGGRESSIVE;
				CLANG_WARN_UNREACHABLE_CODE = YES;
				CLANG_WARN__DUPLICATE_METHOD_MATCH = YES;
				COPY_PHASE_STRIP = NO;
				DEBUG_INFORMATION_FORMAT = "dwarf-with-dsym";
				ENABLE_NS_ASSERTIONS = NO;
				ENABLE_STRICT_OBJC_MSGSEND = YES;
				GCC_C_LANGUAGE_STANDARD = gnu11;
				GCC_NO_COMMON_BLOCKS = YES;
				GCC_WARN_64_TO_32_BIT_CONVERSION = YES;
				GCC_WARN_ABOUT_RETURN_TYPE = YES_ERROR;
				GCC_WARN_UNDECLARED_SELECTOR = YES;
				GCC_WARN_UNINITIALIZED_AUTOS = YES_AGGRESSIVE;
				GCC_WARN_UNUSED_FUNCTION = YES;
				GCC_WARN_UNUSED_VARIABLE = YES;
				IPHONEOS_DEPLOYMENT_TARGET = 15.5;
				MTL_ENABLE_DEBUG_INFO = NO;
				MTL_FAST_MATH = YES;
				SDKROOT = iphoneos;
				SWIFT_COMPILATION_MODE = wholemodule;
				SWIFT_OPTIMIZATION_LEVEL = "-O";
				VALIDATE_PRODUCT = YES;
			};
			name = Release;
		};
		DECE9B8C28D860C700C17A7E /* Debug */ = {
			isa = XCBuildConfiguration;
			buildSettings = {
				ASSETCATALOG_COMPILER_APPICON_NAME = AppIcon;
				ASSETCATALOG_COMPILER_GLOBAL_ACCENT_COLOR_NAME = AccentColor;
				CODE_SIGN_STYLE = Automatic;
				CURRENT_PROJECT_VERSION = 1;
				GENERATE_INFOPLIST_FILE = YES;
				INFOPLIST_FILE = ZKCoverController/Info.plist;
				INFOPLIST_KEY_UIApplicationSupportsIndirectInputEvents = YES;
				INFOPLIST_KEY_UILaunchStoryboardName = LaunchScreen;
				INFOPLIST_KEY_UIMainStoryboardFile = Main;
				INFOPLIST_KEY_UISupportedInterfaceOrientations_iPad = "UIInterfaceOrientationPortrait UIInterfaceOrientationPortraitUpsideDown UIInterfaceOrientationLandscapeLeft UIInterfaceOrientationLandscapeRight";
				INFOPLIST_KEY_UISupportedInterfaceOrientations_iPhone = "UIInterfaceOrientationPortrait UIInterfaceOrientationLandscapeLeft UIInterfaceOrientationLandscapeRight";
				LD_RUNPATH_SEARCH_PATHS = (
					"$(inherited)",
					"@executable_path/Frameworks",
				);
				MARKETING_VERSION = 1.0;
				PRODUCT_BUNDLE_IDENTIFIER = com.qm.ZKCoverController;
				PRODUCT_NAME = "$(TARGET_NAME)";
				SWIFT_EMIT_LOC_STRINGS = YES;
				SWIFT_VERSION = 5.0;
				TARGETED_DEVICE_FAMILY = "1,2";
			};
			name = Debug;
		};
		DECE9B8D28D860C700C17A7E /* Release */ = {
			isa = XCBuildConfiguration;
			buildSettings = {
				ASSETCATALOG_COMPILER_APPICON_NAME = AppIcon;
				ASSETCATALOG_COMPILER_GLOBAL_ACCENT_COLOR_NAME = AccentColor;
				CODE_SIGN_STYLE = Automatic;
				CURRENT_PROJECT_VERSION = 1;
				GENERATE_INFOPLIST_FILE = YES;
				INFOPLIST_FILE = ZKCoverController/Info.plist;
				INFOPLIST_KEY_UIApplicationSupportsIndirectInputEvents = YES;
				INFOPLIST_KEY_UILaunchStoryboardName = LaunchScreen;
				INFOPLIST_KEY_UIMainStoryboardFile = Main;
				INFOPLIST_KEY_UISupportedInterfaceOrientations_iPad = "UIInterfaceOrientationPortrait UIInterfaceOrientationPortraitUpsideDown UIInterfaceOrientationLandscapeLeft UIInterfaceOrientationLandscapeRight";
				INFOPLIST_KEY_UISupportedInterfaceOrientations_iPhone = "UIInterfaceOrientationPortrait UIInterfaceOrientationLandscapeLeft UIInterfaceOrientationLandscapeRight";
				LD_RUNPATH_SEARCH_PATHS = (
					"$(inherited)",
					"@executable_path/Frameworks",
				);
				MARKETING_VERSION = 1.0;
				PRODUCT_BUNDLE_IDENTIFIER = com.qm.ZKCoverController;
				PRODUCT_NAME = "$(TARGET_NAME)";
				SWIFT_EMIT_LOC_STRINGS = YES;
				SWIFT_VERSION = 5.0;
				TARGETED_DEVICE_FAMILY = "1,2";
			};
			name = Release;
		};
/* End XCBuildConfiguration section */

/* Begin XCConfigurationList section */
		DECE9B7228D860C600C17A7E /* Build configuration list for PBXProject "ZKCoverController" */ = {
			isa = XCConfigurationList;
			buildConfigurations = (
				DECE9B8928D860C700C17A7E /* Debug */,
				DECE9B8A28D860C700C17A7E /* Release */,
			);
			defaultConfigurationIsVisible = 0;
			defaultConfigurationName = Release;
		};
		DECE9B8B28D860C700C17A7E /* Build configuration list for PBXNativeTarget "ZKCoverController" */ = {
			isa = XCConfigurationList;
			buildConfigurations = (
				DECE9B8C28D860C700C17A7E /* Debug */,
				DECE9B8D28D860C700C17A7E /* Release */,
			);
			defaultConfigurationIsVisible = 0;
			defaultConfigurationName = Release;
		};
/* End XCConfigurationList section */
	};
	rootObject = DECE9B6F28D860C600C17A7E /* Project object */;
}
